
Microsoft Visual Studio Solution File, Format Version 12.00
# Visual Studio Version 17
VisualStudioVersion = 17.11.35222.181
MinimumVisualStudioVersion = 10.0.40219.1
Project("{2150E333-8FDC-42A3-9474-1A3956D46DE8}") = "Core", "Core", "{28468232-158A-4CA7-A2DD-B1E300C97279}"
EndProject
Project("{2150E333-8FDC-42A3-9474-1A3956D46DE8}") = "Source", "Source", "{06B7440F-A96C-4B5F-966A-32DAA28F52A5}"
EndProject
Project("{2150E333-8FDC-42A3-9474-1A3956D46DE8}") = "Infrastructure", "Infrastructure", "{043D6EA3-8659-4089-AE61-21AC8A69C366}"
EndProject
Project("{2150E333-8FDC-42A3-9474-1A3956D46DE8}") = "Presentation", "Presentation", "{12BF24E4-FC7C-45F6-A734-933B1AE6CB94}"
EndProject
Project("{2150E333-8FDC-42A3-9474-1A3956D46DE8}") = "WebApp", "WebApp", "{BDE814E8-68BE-4B38-A6C4-00836FF3A232}"
EndProject
Project("{9A19103F-16F7-4668-BE54-9A1E7A4F7556}") = "RealEstateApp.WebApp", "RealEstateApp.WebApp\RealEstateApp.WebApp.csproj", "{88A61430-D2F0-4F84-A91B-25F612B234DD}"
EndProject
Project("{9A19103F-16F7-4668-BE54-9A1E7A4F7556}") = "RealEstateApp.Application", "RealEstateApp.Application\RealEstateApp.Application.csproj", "{AB919081-2AF3-4E30-B9D7-5F31C3191418}"
EndProject
Project("{9A19103F-16F7-4668-BE54-9A1E7A4F7556}") = "RealEstateApp.Domain", "RealEstateApp.Domain\RealEstateApp.Domain.csproj", "{8080B43D-EA24-428D-9216-CE4257836A8B}"
EndProject
Project("{9A19103F-16F7-4668-BE54-9A1E7A4F7556}") = "RealEstateApp.Infraestructure.Identity", "RealEstateApp.Infraestructure.Identity\RealEstateApp.Infraestructure.Identity.csproj", "{A446CA43-DA91-4FA5-A5F9-72F429A08F34}"
EndProject
Project("{9A19103F-16F7-4668-BE54-9A1E7A4F7556}") = "RealEstateApp.Infraestructure.Persistence", "RealEstateApp.Infraestructure.Persistence\RealEstateApp.Infraestructure.Persistence.csproj", "{872E2C57-3F94-416C-9D10-BC309252BA70}"
EndProject
Project("{9A19103F-16F7-4668-BE54-9A1E7A4F7556}") = "RealEstateApp.Infraestructure.Shared", "RealEstateApp.Infraestructure.Shared\RealEstateApp.Infraestructure.Shared.csproj", "{A5FAF6CD-B388-4F8E-AA76-F85DE628A554}"
EndProject
Project("{2150E333-8FDC-42A3-9474-1A3956D46DE8}") = "Test", "Test", "{08C0FE27-25B7-4F3C-AC2B-DF04F0A6EBC5}"
EndProject
Project("{9A19103F-16F7-4668-BE54-9A1E7A4F7556}") = "RealEstateApp.Api", "RealEstateApp.WebApi\RealEstateApp.Api.csproj", "{9CD43421-5572-40E4-A3A8-8E6AB8ED85B5}"
EndProject
Project("{9A19103F-16F7-4668-BE54-9A1E7A4F7556}") = "RealEstateApp.Unit.Tests", "RealEstateApp.Unit.Tests\RealEstateApp.Unit.Tests.csproj", "{3B79A1FD-A8DE-4A7B-B4BE-16B4FEC10F88}"
EndProject
Project("{2150E333-8FDC-42A3-9474-1A3956D46DE8}") = "WebApi", "WebApi", "{C68A6299-99D7-4C91-86E7-E9327C2DDE48}"
EndProject
Project("{FAE04EC0-301F-11D3-BF4B-00C04F79EFBC}") = "RealEstateApp.Integration.Tests", "RealEstateApp.Integration.Tests\RealEstateApp.Integration.Tests.csproj", "{16E49B16-2394-45A6-ACA6-ED912E2E55FC}"
EndProject
Global
	GlobalSection(SolutionConfigurationPlatforms) = preSolution
		Debug|Any CPU = Debug|Any CPU
		Release|Any CPU = Release|Any CPU
	EndGlobalSection
	GlobalSection(ProjectConfigurationPlatforms) = postSolution
		{88A61430-D2F0-4F84-A91B-25F612B234DD}.Debug|Any CPU.ActiveCfg = Debug|Any CPU
		{88A61430-D2F0-4F84-A91B-25F612B234DD}.Debug|Any CPU.Build.0 = Debug|Any CPU
		{88A61430-D2F0-4F84-A91B-25F612B234DD}.Release|Any CPU.ActiveCfg = Release|Any CPU
		{88A61430-D2F0-4F84-A91B-25F612B234DD}.Release|Any CPU.Build.0 = Release|Any CPU
		{AB919081-2AF3-4E30-B9D7-5F31C3191418}.Debug|Any CPU.ActiveCfg = Debug|Any CPU
		{AB919081-2AF3-4E30-B9D7-5F31C3191418}.Debug|Any CPU.Build.0 = Debug|Any CPU
		{AB919081-2AF3-4E30-B9D7-5F31C3191418}.Release|Any CPU.ActiveCfg = Release|Any CPU
		{AB919081-2AF3-4E30-B9D7-5F31C3191418}.Release|Any CPU.Build.0 = Release|Any CPU
		{8080B43D-EA24-428D-9216-CE4257836A8B}.Debug|Any CPU.ActiveCfg = Debug|Any CPU
		{8080B43D-EA24-428D-9216-CE4257836A8B}.Debug|Any CPU.Build.0 = Debug|Any CPU
		{8080B43D-EA24-428D-9216-CE4257836A8B}.Release|Any CPU.ActiveCfg = Release|Any CPU
		{8080B43D-EA24-428D-9216-CE4257836A8B}.Release|Any CPU.Build.0 = Release|Any CPU
		{A446CA43-DA91-4FA5-A5F9-72F429A08F34}.Debug|Any CPU.ActiveCfg = Debug|Any CPU
		{A446CA43-DA91-4FA5-A5F9-72F429A08F34}.Debug|Any CPU.Build.0 = Debug|Any CPU
		{A446CA43-DA91-4FA5-A5F9-72F429A08F34}.Release|Any CPU.ActiveCfg = Release|Any CPU
		{A446CA43-DA91-4FA5-A5F9-72F429A08F34}.Release|Any CPU.Build.0 = Release|Any CPU
		{872E2C57-3F94-416C-9D10-BC309252BA70}.Debug|Any CPU.ActiveCfg = Debug|Any CPU
		{872E2C57-3F94-416C-9D10-BC309252BA70}.Debug|Any CPU.Build.0 = Debug|Any CPU
		{872E2C57-3F94-416C-9D10-BC309252BA70}.Release|Any CPU.ActiveCfg = Release|Any CPU
		{872E2C57-3F94-416C-9D10-BC309252BA70}.Release|Any CPU.Build.0 = Release|Any CPU
		{A5FAF6CD-B388-4F8E-AA76-F85DE628A554}.Debug|Any CPU.ActiveCfg = Debug|Any CPU
		{A5FAF6CD-B388-4F8E-AA76-F85DE628A554}.Debug|Any CPU.Build.0 = Debug|Any CPU
		{A5FAF6CD-B388-4F8E-AA76-F85DE628A554}.Release|Any CPU.ActiveCfg = Release|Any CPU
		{A5FAF6CD-B388-4F8E-AA76-F85DE628A554}.Release|Any CPU.Build.0 = Release|Any CPU
		{9CD43421-5572-40E4-A3A8-8E6AB8ED85B5}.Debug|Any CPU.ActiveCfg = Debug|Any CPU
		{9CD43421-5572-40E4-A3A8-8E6AB8ED85B5}.Debug|Any CPU.Build.0 = Debug|Any CPU
		{9CD43421-5572-40E4-A3A8-8E6AB8ED85B5}.Release|Any CPU.ActiveCfg = Release|Any CPU
		{9CD43421-5572-40E4-A3A8-8E6AB8ED85B5}.Release|Any CPU.Build.0 = Release|Any CPU
		{3B79A1FD-A8DE-4A7B-B4BE-16B4FEC10F88}.Debug|Any CPU.ActiveCfg = Debug|Any CPU
		{3B79A1FD-A8DE-4A7B-B4BE-16B4FEC10F88}.Debug|Any CPU.Build.0 = Debug|Any CPU
		{3B79A1FD-A8DE-4A7B-B4BE-16B4FEC10F88}.Release|Any CPU.ActiveCfg = Release|Any CPU
		{3B79A1FD-A8DE-4A7B-B4BE-16B4FEC10F88}.Release|Any CPU.Build.0 = Release|Any CPU
		{16E49B16-2394-45A6-ACA6-ED912E2E55FC}.Debug|Any CPU.ActiveCfg = Debug|Any CPU
		{16E49B16-2394-45A6-ACA6-ED912E2E55FC}.Debug|Any CPU.Build.0 = Debug|Any CPU
		{16E49B16-2394-45A6-ACA6-ED912E2E55FC}.Release|Any CPU.ActiveCfg = Release|Any CPU
		{16E49B16-2394-45A6-ACA6-ED912E2E55FC}.Release|Any CPU.Build.0 = Release|Any CPU
	EndGlobalSection
	GlobalSection(SolutionProperties) = preSolution
		HideSolutionNode = FALSE
	EndGlobalSection
	GlobalSection(NestedProjects) = preSolution
		{28468232-158A-4CA7-A2DD-B1E300C97279} = {06B7440F-A96C-4B5F-966A-32DAA28F52A5}
		{043D6EA3-8659-4089-AE61-21AC8A69C366} = {06B7440F-A96C-4B5F-966A-32DAA28F52A5}
		{12BF24E4-FC7C-45F6-A734-933B1AE6CB94} = {06B7440F-A96C-4B5F-966A-32DAA28F52A5}
		{BDE814E8-68BE-4B38-A6C4-00836FF3A232} = {12BF24E4-FC7C-45F6-A734-933B1AE6CB94}
		{88A61430-D2F0-4F84-A91B-25F612B234DD} = {BDE814E8-68BE-4B38-A6C4-00836FF3A232}
		{AB919081-2AF3-4E30-B9D7-5F31C3191418} = {28468232-158A-4CA7-A2DD-B1E300C97279}
		{8080B43D-EA24-428D-9216-CE4257836A8B} = {28468232-158A-4CA7-A2DD-B1E300C97279}
		{A446CA43-DA91-4FA5-A5F9-72F429A08F34} = {043D6EA3-8659-4089-AE61-21AC8A69C366}
		{872E2C57-3F94-416C-9D10-BC309252BA70} = {043D6EA3-8659-4089-AE61-21AC8A69C366}
		{A5FAF6CD-B388-4F8E-AA76-F85DE628A554} = {043D6EA3-8659-4089-AE61-21AC8A69C366}
		{08C0FE27-25B7-4F3C-AC2B-DF04F0A6EBC5} = {06B7440F-A96C-4B5F-966A-32DAA28F52A5}
		{9CD43421-5572-40E4-A3A8-8E6AB8ED85B5} = {C68A6299-99D7-4C91-86E7-E9327C2DDE48}
		{3B79A1FD-A8DE-4A7B-B4BE-16B4FEC10F88} = {08C0FE27-25B7-4F3C-AC2B-DF04F0A6EBC5}
		{C68A6299-99D7-4C91-86E7-E9327C2DDE48} = {12BF24E4-FC7C-45F6-A734-933B1AE6CB94}
		{16E49B16-2394-45A6-ACA6-ED912E2E55FC} = {08C0FE27-25B7-4F3C-AC2B-DF04F0A6EBC5}
	EndGlobalSection
	GlobalSection(ExtensibilityGlobals) = postSolution
		SolutionGuid = {C3D8BAD5-DCB6-4C2C-9881-F887FB3AC942}
	EndGlobalSection
EndGlobal
